
Microsoft Visual Studio Solution File, Format Version 12.00
# Visual Studio 15
VisualStudioVersion = 15.0.26730.16
MinimumVisualStudioVersion = 10.0.40219.1
Project("{9A19103F-16F7-4668-BE54-9A1E7A4F7556}") = "PublishWithError", "PublishWithError\PublishWithError.csproj", "{0687C091-BB58-4C41-9FD3-F0E269673DA6}"
EndProject
Project("{FAE04EC0-301F-11D3-BF4B-00C04F79EFBC}") = "Models", "Models\Models.csproj", "{7FA10314-2D82-4B15-8525-BEBA8CA91242}"
EndProject
Project("{FAE04EC0-301F-11D3-BF4B-00C04F79EFBC}") = "Contract", "Contract\Contract.csproj", "{DF653F9A-3EFE-44A0-A711-1D72E8927060}"
EndProject
Project("{FAE04EC0-301F-11D3-BF4B-00C04F79EFBC}") = "Helper", "Helper\Helper.csproj", "{4EBE8409-0DB0-49EA-AF92-458146F34D03}"
EndProject
Global
	GlobalSection(SolutionConfigurationPlatforms) = preSolution
		Debug|Any CPU = Debug|Any CPU
		Release|Any CPU = Release|Any CPU
	EndGlobalSection
	GlobalSection(ProjectConfigurationPlatforms) = postSolution
		{0687C091-BB58-4C41-9FD3-F0E269673DA6}.Debug|Any CPU.ActiveCfg = Debug|Any CPU
		{0687C091-BB58-4C41-9FD3-F0E269673DA6}.Debug|Any CPU.Build.0 = Debug|Any CPU
		{0687C091-BB58-4C41-9FD3-F0E269673DA6}.Release|Any CPU.ActiveCfg = Release|Any CPU
		{0687C091-BB58-4C41-9FD3-F0E269673DA6}.Release|Any CPU.Build.0 = Release|Any CPU
		{7FA10314-2D82-4B15-8525-BEBA8CA91242}.Debug|Any CPU.ActiveCfg = Debug|Any CPU
		{7FA10314-2D82-4B15-8525-BEBA8CA91242}.Debug|Any CPU.Build.0 = Debug|Any CPU
		{7FA10314-2D82-4B15-8525-BEBA8CA91242}.Release|Any CPU.ActiveCfg = Release|Any CPU
		{7FA10314-2D82-4B15-8525-BEBA8CA91242}.Release|Any CPU.Build.0 = Release|Any CPU
		{DF653F9A-3EFE-44A0-A711-1D72E8927060}.Debug|Any CPU.ActiveCfg = Debug|Any CPU
		{DF653F9A-3EFE-44A0-A711-1D72E8927060}.Debug|Any CPU.Build.0 = Debug|Any CPU
		{DF653F9A-3EFE-44A0-A711-1D72E8927060}.Release|Any CPU.ActiveCfg = Release|Any CPU
		{DF653F9A-3EFE-44A0-A711-1D72E8927060}.Release|Any CPU.Build.0 = Release|Any CPU
		{4EBE8409-0DB0-49EA-AF92-458146F34D03}.Debug|Any CPU.ActiveCfg = Debug|Any CPU
		{4EBE8409-0DB0-49EA-AF92-458146F34D03}.Debug|Any CPU.Build.0 = Debug|Any CPU
		{4EBE8409-0DB0-49EA-AF92-458146F34D03}.Release|Any CPU.ActiveCfg = Release|Any CPU
		{4EBE8409-0DB0-49EA-AF92-458146F34D03}.Release|Any CPU.Build.0 = Release|Any CPU
	EndGlobalSection
	GlobalSection(SolutionProperties) = preSolution
		HideSolutionNode = FALSE
	EndGlobalSection
	GlobalSection(ExtensibilityGlobals) = postSolution
		SolutionGuid = {D5451F53-D475-4DE1-B53B-97F58F82F417}
	EndGlobalSection
EndGlobal
